
Microsoft Visual Studio Solution File, Format Version 12.00
# Visual Studio Version 17
VisualStudioVersion = 17.1.32210.238
MinimumVisualStudioVersion = 10.0.40219.1
Project("{2150E333-8FDC-42A3-9474-1A3956D46DE8}") = "src", "src", "{921E6C38-BCE9-475C-960F-FB4101694688}"
EndProject
Project("{2150E333-8FDC-42A3-9474-1A3956D46DE8}") = "corePackages", "corePackages", "{A9A1AE11-F81A-4D16-86B6-9E0203BAB4EF}"
EndProject
Project("{9A19103F-16F7-4668-BE54-9A1E7A4F7556}") = "Core.Application", "src\corePackages\Core.Application\Core.Application.csproj", "{3957F1E7-9900-4B4E-8357-F5CB2DC665AC}"
EndProject
Project("{9A19103F-16F7-4668-BE54-9A1E7A4F7556}") = "Core.CrossCuttingConcerns", "src\corePackages\Core.CrossCuttingConcers\Core.CrossCuttingConcerns.csproj", "{CDD6053C-6E58-443C-A5FC-11EE003849D0}"
EndProject
Project("{9A19103F-16F7-4668-BE54-9A1E7A4F7556}") = "Core.ElasticSearch", "src\corePackages\Core.ElasticSearch\Core.ElasticSearch.csproj", "{F611D34D-F85E-484A-ABF7-9EDDDF25207B}"
EndProject
Project("{9A19103F-16F7-4668-BE54-9A1E7A4F7556}") = "Core.Mailing", "src\corePackages\Core.Mailing\Core.Mailing.csproj", "{D9B8C869-1F04-4ADE-8D53-3E95DC9FA50E}"
EndProject
Project("{9A19103F-16F7-4668-BE54-9A1E7A4F7556}") = "Core.Persistence", "src\corePackages\Core.Persistence\Core.Persistence.csproj", "{1B73246B-74A2-4070-A559-56219F0DEE0A}"
EndProject
Project("{9A19103F-16F7-4668-BE54-9A1E7A4F7556}") = "Core.Security", "src\corePackages\Core.Security\Core.Security.csproj", "{EE75BC1D-9389-489D-B686-DB521B883D19}"
EndProject
Project("{2150E333-8FDC-42A3-9474-1A3956D46DE8}") = "Kodlama.io.Devs", "Kodlama.io.Devs", "{5AAE42B0-945D-44D8-8DAB-A1B08CCF4BF5}"
EndProject
Project("{FAE04EC0-301F-11D3-BF4B-00C04F79EFBC}") = "Application", "src\Kodlama.io.Devs\Application\Application.csproj", "{F37106A0-B1D4-4BD3-A0AA-EABE6214789E}"
EndProject
Project("{FAE04EC0-301F-11D3-BF4B-00C04F79EFBC}") = "Domain", "src\Kodlama.io.Devs\Domain\Domain.csproj", "{ED59008C-1AE8-4DA1-9D7E-3C9A131EB92C}"
EndProject
Project("{FAE04EC0-301F-11D3-BF4B-00C04F79EFBC}") = "Persistence", "src\Kodlama.io.Devs\Persistance\Persistence.csproj", "{F973C1CF-183A-4BDD-AEE1-0C8FEC0A8D3D}"
EndProject
Project("{FAE04EC0-301F-11D3-BF4B-00C04F79EFBC}") = "Infrastructure", "src\Kodlama.io.Devs\Infrastructure\Infrastructure.csproj", "{FC500794-9636-4341-BE32-BD3C22F1E578}"
EndProject
Project("{FAE04EC0-301F-11D3-BF4B-00C04F79EFBC}") = "WebAPI", "src\Kodlama.io.Devs\WebAPI\WebAPI.csproj", "{D3338C1F-AB40-4D18-AD78-68A006DC791D}"
EndProject
Global
	GlobalSection(SolutionConfigurationPlatforms) = preSolution
		Debug|Any CPU = Debug|Any CPU
		Release|Any CPU = Release|Any CPU
	EndGlobalSection
	GlobalSection(ProjectConfigurationPlatforms) = postSolution
		{3957F1E7-9900-4B4E-8357-F5CB2DC665AC}.Debug|Any CPU.ActiveCfg = Debug|Any CPU
		{3957F1E7-9900-4B4E-8357-F5CB2DC665AC}.Debug|Any CPU.Build.0 = Debug|Any CPU
		{3957F1E7-9900-4B4E-8357-F5CB2DC665AC}.Release|Any CPU.ActiveCfg = Release|Any CPU
		{3957F1E7-9900-4B4E-8357-F5CB2DC665AC}.Release|Any CPU.Build.0 = Release|Any CPU
		{CDD6053C-6E58-443C-A5FC-11EE003849D0}.Debug|Any CPU.ActiveCfg = Debug|Any CPU
		{CDD6053C-6E58-443C-A5FC-11EE003849D0}.Debug|Any CPU.Build.0 = Debug|Any CPU
		{CDD6053C-6E58-443C-A5FC-11EE003849D0}.Release|Any CPU.ActiveCfg = Release|Any CPU
		{CDD6053C-6E58-443C-A5FC-11EE003849D0}.Release|Any CPU.Build.0 = Release|Any CPU
		{F611D34D-F85E-484A-ABF7-9EDDDF25207B}.Debug|Any CPU.ActiveCfg = Debug|Any CPU
		{F611D34D-F85E-484A-ABF7-9EDDDF25207B}.Debug|Any CPU.Build.0 = Debug|Any CPU
		{F611D34D-F85E-484A-ABF7-9EDDDF25207B}.Release|Any CPU.ActiveCfg = Release|Any CPU
		{F611D34D-F85E-484A-ABF7-9EDDDF25207B}.Release|Any CPU.Build.0 = Release|Any CPU
		{D9B8C869-1F04-4ADE-8D53-3E95DC9FA50E}.Debug|Any CPU.ActiveCfg = Debug|Any CPU
		{D9B8C869-1F04-4ADE-8D53-3E95DC9FA50E}.Debug|Any CPU.Build.0 = Debug|Any CPU
		{D9B8C869-1F04-4ADE-8D53-3E95DC9FA50E}.Release|Any CPU.ActiveCfg = Release|Any CPU
		{D9B8C869-1F04-4ADE-8D53-3E95DC9FA50E}.Release|Any CPU.Build.0 = Release|Any CPU
		{1B73246B-74A2-4070-A559-56219F0DEE0A}.Debug|Any CPU.ActiveCfg = Debug|Any CPU
		{1B73246B-74A2-4070-A559-56219F0DEE0A}.Debug|Any CPU.Build.0 = Debug|Any CPU
		{1B73246B-74A2-4070-A559-56219F0DEE0A}.Release|Any CPU.ActiveCfg = Release|Any CPU
		{1B73246B-74A2-4070-A559-56219F0DEE0A}.Release|Any CPU.Build.0 = Release|Any CPU
		{EE75BC1D-9389-489D-B686-DB521B883D19}.Debug|Any CPU.ActiveCfg = Debug|Any CPU
		{EE75BC1D-9389-489D-B686-DB521B883D19}.Debug|Any CPU.Build.0 = Debug|Any CPU
		{EE75BC1D-9389-489D-B686-DB521B883D19}.Release|Any CPU.ActiveCfg = Release|Any CPU
		{EE75BC1D-9389-489D-B686-DB521B883D19}.Release|Any CPU.Build.0 = Release|Any CPU
		{F37106A0-B1D4-4BD3-A0AA-EABE6214789E}.Debug|Any CPU.ActiveCfg = Debug|Any CPU
		{F37106A0-B1D4-4BD3-A0AA-EABE6214789E}.Debug|Any CPU.Build.0 = Debug|Any CPU
		{F37106A0-B1D4-4BD3-A0AA-EABE6214789E}.Release|Any CPU.ActiveCfg = Release|Any CPU
		{F37106A0-B1D4-4BD3-A0AA-EABE6214789E}.Release|Any CPU.Build.0 = Release|Any CPU
		{ED59008C-1AE8-4DA1-9D7E-3C9A131EB92C}.Debug|Any CPU.ActiveCfg = Debug|Any CPU
		{ED59008C-1AE8-4DA1-9D7E-3C9A131EB92C}.Debug|Any CPU.Build.0 = Debug|Any CPU
		{ED59008C-1AE8-4DA1-9D7E-3C9A131EB92C}.Release|Any CPU.ActiveCfg = Release|Any CPU
		{ED59008C-1AE8-4DA1-9D7E-3C9A131EB92C}.Release|Any CPU.Build.0 = Release|Any CPU
		{F973C1CF-183A-4BDD-AEE1-0C8FEC0A8D3D}.Debug|Any CPU.ActiveCfg = Debug|Any CPU
		{F973C1CF-183A-4BDD-AEE1-0C8FEC0A8D3D}.Debug|Any CPU.Build.0 = Debug|Any CPU
		{F973C1CF-183A-4BDD-AEE1-0C8FEC0A8D3D}.Release|Any CPU.ActiveCfg = Release|Any CPU
		{F973C1CF-183A-4BDD-AEE1-0C8FEC0A8D3D}.Release|Any CPU.Build.0 = Release|Any CPU
		{FC500794-9636-4341-BE32-BD3C22F1E578}.Debug|Any CPU.ActiveCfg = Debug|Any CPU
		{FC500794-9636-4341-BE32-BD3C22F1E578}.Debug|Any CPU.Build.0 = Debug|Any CPU
		{FC500794-9636-4341-BE32-BD3C22F1E578}.Release|Any CPU.ActiveCfg = Release|Any CPU
		{FC500794-9636-4341-BE32-BD3C22F1E578}.Release|Any CPU.Build.0 = Release|Any CPU
		{D3338C1F-AB40-4D18-AD78-68A006DC791D}.Debug|Any CPU.ActiveCfg = Debug|Any CPU
		{D3338C1F-AB40-4D18-AD78-68A006DC791D}.Debug|Any CPU.Build.0 = Debug|Any CPU
		{D3338C1F-AB40-4D18-AD78-68A006DC791D}.Release|Any CPU.ActiveCfg = Release|Any CPU
		{D3338C1F-AB40-4D18-AD78-68A006DC791D}.Release|Any CPU.Build.0 = Release|Any CPU
	EndGlobalSection
	GlobalSection(SolutionProperties) = preSolution
		HideSolutionNode = FALSE
	EndGlobalSection
	GlobalSection(NestedProjects) = preSolution
		{A9A1AE11-F81A-4D16-86B6-9E0203BAB4EF} = {921E6C38-BCE9-475C-960F-FB4101694688}
		{3957F1E7-9900-4B4E-8357-F5CB2DC665AC} = {A9A1AE11-F81A-4D16-86B6-9E0203BAB4EF}
		{CDD6053C-6E58-443C-A5FC-11EE003849D0} = {A9A1AE11-F81A-4D16-86B6-9E0203BAB4EF}
		{F611D34D-F85E-484A-ABF7-9EDDDF25207B} = {A9A1AE11-F81A-4D16-86B6-9E0203BAB4EF}
		{D9B8C869-1F04-4ADE-8D53-3E95DC9FA50E} = {A9A1AE11-F81A-4D16-86B6-9E0203BAB4EF}
		{1B73246B-74A2-4070-A559-56219F0DEE0A} = {A9A1AE11-F81A-4D16-86B6-9E0203BAB4EF}
		{EE75BC1D-9389-489D-B686-DB521B883D19} = {A9A1AE11-F81A-4D16-86B6-9E0203BAB4EF}
		{5AAE42B0-945D-44D8-8DAB-A1B08CCF4BF5} = {921E6C38-BCE9-475C-960F-FB4101694688}
		{F37106A0-B1D4-4BD3-A0AA-EABE6214789E} = {5AAE42B0-945D-44D8-8DAB-A1B08CCF4BF5}
		{ED59008C-1AE8-4DA1-9D7E-3C9A131EB92C} = {5AAE42B0-945D-44D8-8DAB-A1B08CCF4BF5}
		{F973C1CF-183A-4BDD-AEE1-0C8FEC0A8D3D} = {5AAE42B0-945D-44D8-8DAB-A1B08CCF4BF5}
		{FC500794-9636-4341-BE32-BD3C22F1E578} = {5AAE42B0-945D-44D8-8DAB-A1B08CCF4BF5}
		{D3338C1F-AB40-4D18-AD78-68A006DC791D} = {5AAE42B0-945D-44D8-8DAB-A1B08CCF4BF5}
	EndGlobalSection
	GlobalSection(ExtensibilityGlobals) = postSolution
		SolutionGuid = {650D2D83-C2DD-4F9E-BD28-EA42866B2301}
	EndGlobalSection
EndGlobal
